
Microsoft Visual Studio Solution File, Format Version 12.00
# Visual Studio Version 17
VisualStudioVersion = 17.3.32825.248
MinimumVisualStudioVersion = 10.0.40219.1
Project("{9A19103F-16F7-4668-BE54-9A1E7A4F7556}") = "WeatherDataManagerDemo", "WeatherDataManagerDemo\WeatherDataManagerDemo.csproj", "{533D67A7-D7E2-4E19-90A2-C6FCAEC5FE40}"
EndProject
Project("{00D1A9C2-B5F0-4AF3-8072-F6C62B433612}") = "WeatherData", "WeatherData\WeatherData.sqlproj", "{3A70B432-7DFC-4C9E-8C46-EF785A5BB7DF}"
EndProject
Project("{FAE04EC0-301F-11D3-BF4B-00C04F79EFBC}") = "WeatherDataManager.Library", "WeatherDataManager.Library\WeatherDataManager.Library.csproj", "{ED7AE0A7-AA72-48DD-9574-F7E468ABC6E0}"
EndProject
Global
	GlobalSection(SolutionConfigurationPlatforms) = preSolution
		Debug|Any CPU = Debug|Any CPU
		Release|Any CPU = Release|Any CPU
	EndGlobalSection
	GlobalSection(ProjectConfigurationPlatforms) = postSolution
		{533D67A7-D7E2-4E19-90A2-C6FCAEC5FE40}.Debug|Any CPU.ActiveCfg = Debug|Any CPU
		{533D67A7-D7E2-4E19-90A2-C6FCAEC5FE40}.Debug|Any CPU.Build.0 = Debug|Any CPU
		{533D67A7-D7E2-4E19-90A2-C6FCAEC5FE40}.Release|Any CPU.ActiveCfg = Release|Any CPU
		{533D67A7-D7E2-4E19-90A2-C6FCAEC5FE40}.Release|Any CPU.Build.0 = Release|Any CPU
		{3A70B432-7DFC-4C9E-8C46-EF785A5BB7DF}.Debug|Any CPU.ActiveCfg = Debug|Any CPU
		{3A70B432-7DFC-4C9E-8C46-EF785A5BB7DF}.Debug|Any CPU.Build.0 = Debug|Any CPU
		{3A70B432-7DFC-4C9E-8C46-EF785A5BB7DF}.Debug|Any CPU.Deploy.0 = Debug|Any CPU
		{3A70B432-7DFC-4C9E-8C46-EF785A5BB7DF}.Release|Any CPU.ActiveCfg = Release|Any CPU
		{3A70B432-7DFC-4C9E-8C46-EF785A5BB7DF}.Release|Any CPU.Build.0 = Release|Any CPU
		{3A70B432-7DFC-4C9E-8C46-EF785A5BB7DF}.Release|Any CPU.Deploy.0 = Release|Any CPU
		{ED7AE0A7-AA72-48DD-9574-F7E468ABC6E0}.Debug|Any CPU.ActiveCfg = Debug|Any CPU
		{ED7AE0A7-AA72-48DD-9574-F7E468ABC6E0}.Debug|Any CPU.Build.0 = Debug|Any CPU
		{ED7AE0A7-AA72-48DD-9574-F7E468ABC6E0}.Release|Any CPU.ActiveCfg = Release|Any CPU
		{ED7AE0A7-AA72-48DD-9574-F7E468ABC6E0}.Release|Any CPU.Build.0 = Release|Any CPU
	EndGlobalSection
	GlobalSection(SolutionProperties) = preSolution
		HideSolutionNode = FALSE
	EndGlobalSection
	GlobalSection(ExtensibilityGlobals) = postSolution
		SolutionGuid = {BEA9279A-7346-45B7-8D1A-3FEBB3E86A3C}
	EndGlobalSection
EndGlobal
